
Microsoft Visual Studio Solution File, Format Version 12.00
# Visual Studio 14
VisualStudioVersion = 14.0.25420.1
MinimumVisualStudioVersion = 10.0.40219.1
Project("{FAE04EC0-301F-11D3-BF4B-00C04F79EFBC}") = "math", "math\math.csproj", "{208BCDB9-B837-4E9D-AD6F-3C9AF7721911}"
EndProject
Project("{FAE04EC0-301F-11D3-BF4B-00C04F79EFBC}") = "tester", "tester\tester.csproj", "{2BE5F1FF-F6AE-4F7B-8F0D-1679E8D6BF5A}"
EndProject
Project("{FAE04EC0-301F-11D3-BF4B-00C04F79EFBC}") = "nnViewer", "nnViewer\nnViewer.csproj", "{2EA58C94-B9C3-4EE6-A876-221B16FD6684}"
EndProject
Project("{FAE04EC0-301F-11D3-BF4B-00C04F79EFBC}") = "Utilities", "Utilities\Utilities.csproj", "{1629F03B-CA4D-469B-A6B4-CE564B57C193}"
EndProject
Global
	GlobalSection(SolutionConfigurationPlatforms) = preSolution
		Debug|Any CPU = Debug|Any CPU
		Release|Any CPU = Release|Any CPU
	EndGlobalSection
	GlobalSection(ProjectConfigurationPlatforms) = postSolution
		{208BCDB9-B837-4E9D-AD6F-3C9AF7721911}.Debug|Any CPU.ActiveCfg = Debug|Any CPU
		{208BCDB9-B837-4E9D-AD6F-3C9AF7721911}.Debug|Any CPU.Build.0 = Debug|Any CPU
		{208BCDB9-B837-4E9D-AD6F-3C9AF7721911}.Release|Any CPU.ActiveCfg = Release|Any CPU
		{208BCDB9-B837-4E9D-AD6F-3C9AF7721911}.Release|Any CPU.Build.0 = Release|Any CPU
		{2BE5F1FF-F6AE-4F7B-8F0D-1679E8D6BF5A}.Debug|Any CPU.ActiveCfg = Debug|Any CPU
		{2BE5F1FF-F6AE-4F7B-8F0D-1679E8D6BF5A}.Debug|Any CPU.Build.0 = Debug|Any CPU
		{2BE5F1FF-F6AE-4F7B-8F0D-1679E8D6BF5A}.Release|Any CPU.ActiveCfg = Release|Any CPU
		{2BE5F1FF-F6AE-4F7B-8F0D-1679E8D6BF5A}.Release|Any CPU.Build.0 = Release|Any CPU
		{2EA58C94-B9C3-4EE6-A876-221B16FD6684}.Debug|Any CPU.ActiveCfg = Debug|Any CPU
		{2EA58C94-B9C3-4EE6-A876-221B16FD6684}.Debug|Any CPU.Build.0 = Debug|Any CPU
		{2EA58C94-B9C3-4EE6-A876-221B16FD6684}.Release|Any CPU.ActiveCfg = Release|Any CPU
		{2EA58C94-B9C3-4EE6-A876-221B16FD6684}.Release|Any CPU.Build.0 = Release|Any CPU
		{1629F03B-CA4D-469B-A6B4-CE564B57C193}.Debug|Any CPU.ActiveCfg = Debug|Any CPU
		{1629F03B-CA4D-469B-A6B4-CE564B57C193}.Debug|Any CPU.Build.0 = Debug|Any CPU
		{1629F03B-CA4D-469B-A6B4-CE564B57C193}.Release|Any CPU.ActiveCfg = Release|Any CPU
		{1629F03B-CA4D-469B-A6B4-CE564B57C193}.Release|Any CPU.Build.0 = Release|Any CPU
	EndGlobalSection
	GlobalSection(SolutionProperties) = preSolution
		HideSolutionNode = FALSE
	EndGlobalSection
EndGlobal
