
Microsoft Visual Studio Solution File, Format Version 12.00
# Visual Studio 14
VisualStudioVersion = 14.0.25420.1
MinimumVisualStudioVersion = 10.0.40219.1
Project("{FAE04EC0-301F-11D3-BF4B-00C04F79EFBC}") = "nn", "nn\nn.csproj", "{F292D503-150C-4F00-A72B-E5A812E721BF}"
EndProject
Project("{FAE04EC0-301F-11D3-BF4B-00C04F79EFBC}") = "math", "math\math.csproj", "{208BCDB9-B837-4E9D-AD6F-3C9AF7721911}"
EndProject
Project("{FAE04EC0-301F-11D3-BF4B-00C04F79EFBC}") = "tester", "tester\tester.csproj", "{2BE5F1FF-F6AE-4F7B-8F0D-1679E8D6BF5A}"
EndProject
Global
	GlobalSection(SolutionConfigurationPlatforms) = preSolution
		Debug|Any CPU = Debug|Any CPU
		Release|Any CPU = Release|Any CPU
	EndGlobalSection
	GlobalSection(ProjectConfigurationPlatforms) = postSolution
		{F292D503-150C-4F00-A72B-E5A812E721BF}.Debug|Any CPU.ActiveCfg = Debug|Any CPU
		{F292D503-150C-4F00-A72B-E5A812E721BF}.Debug|Any CPU.Build.0 = Debug|Any CPU
		{F292D503-150C-4F00-A72B-E5A812E721BF}.Release|Any CPU.ActiveCfg = Release|Any CPU
		{F292D503-150C-4F00-A72B-E5A812E721BF}.Release|Any CPU.Build.0 = Release|Any CPU
		{208BCDB9-B837-4E9D-AD6F-3C9AF7721911}.Debug|Any CPU.ActiveCfg = Debug|Any CPU
		{208BCDB9-B837-4E9D-AD6F-3C9AF7721911}.Debug|Any CPU.Build.0 = Debug|Any CPU
		{208BCDB9-B837-4E9D-AD6F-3C9AF7721911}.Release|Any CPU.ActiveCfg = Release|Any CPU
		{208BCDB9-B837-4E9D-AD6F-3C9AF7721911}.Release|Any CPU.Build.0 = Release|Any CPU
		{2BE5F1FF-F6AE-4F7B-8F0D-1679E8D6BF5A}.Debug|Any CPU.ActiveCfg = Debug|Any CPU
		{2BE5F1FF-F6AE-4F7B-8F0D-1679E8D6BF5A}.Debug|Any CPU.Build.0 = Debug|Any CPU
		{2BE5F1FF-F6AE-4F7B-8F0D-1679E8D6BF5A}.Release|Any CPU.ActiveCfg = Release|Any CPU
		{2BE5F1FF-F6AE-4F7B-8F0D-1679E8D6BF5A}.Release|Any CPU.Build.0 = Release|Any CPU
	EndGlobalSection
	GlobalSection(SolutionProperties) = preSolution
		HideSolutionNode = FALSE
	EndGlobalSection
EndGlobal
